
Microsoft Visual Studio Solution File, Format Version 12.00
# Visual Studio Version 17
VisualStudioVersion = 17.14.36705.20
MinimumVisualStudioVersion = 10.0.40219.1
Project("{FAE04EC0-301F-11D3-BF4B-00C04F79EFBC}") = "BitsCore", "BitsCore.csproj", "{EFB881A5-E7A4-45D2-9AB4-EECF184024AD}"
EndProject
Project("{FAE04EC0-301F-11D3-BF4B-00C04F79EFBC}") = "BitsEFClasses", "BitsEFClasses\BitsEFClasses.csproj", "{3A06A748-61E0-4C19-A987-63781A3ACC56}"
EndProject
Project("{FAE04EC0-301F-11D3-BF4B-00C04F79EFBC}") = "BitsTests", "BitsTests\BitsTests.csproj", "{A6F67CBD-E5F5-47C2-B2C3-A8C4CE46A93F}"
EndProject
Global
	GlobalSection(SolutionConfigurationPlatforms) = preSolution
		Debug|Any CPU = Debug|Any CPU
		Release|Any CPU = Release|Any CPU
	EndGlobalSection
	GlobalSection(ProjectConfigurationPlatforms) = postSolution
		{EFB881A5-E7A4-45D2-9AB4-EECF184024AD}.Debug|Any CPU.ActiveCfg = Debug|Any CPU
		{EFB881A5-E7A4-45D2-9AB4-EECF184024AD}.Debug|Any CPU.Build.0 = Debug|Any CPU
		{EFB881A5-E7A4-45D2-9AB4-EECF184024AD}.Release|Any CPU.ActiveCfg = Release|Any CPU
		{EFB881A5-E7A4-45D2-9AB4-EECF184024AD}.Release|Any CPU.Build.0 = Release|Any CPU
		{3A06A748-61E0-4C19-A987-63781A3ACC56}.Debug|Any CPU.ActiveCfg = Debug|Any CPU
		{3A06A748-61E0-4C19-A987-63781A3ACC56}.Debug|Any CPU.Build.0 = Debug|Any CPU
		{3A06A748-61E0-4C19-A987-63781A3ACC56}.Release|Any CPU.ActiveCfg = Release|Any CPU
		{3A06A748-61E0-4C19-A987-63781A3ACC56}.Release|Any CPU.Build.0 = Release|Any CPU
		{A6F67CBD-E5F5-47C2-B2C3-A8C4CE46A93F}.Debug|Any CPU.ActiveCfg = Debug|Any CPU
		{A6F67CBD-E5F5-47C2-B2C3-A8C4CE46A93F}.Debug|Any CPU.Build.0 = Debug|Any CPU
		{A6F67CBD-E5F5-47C2-B2C3-A8C4CE46A93F}.Release|Any CPU.ActiveCfg = Release|Any CPU
		{A6F67CBD-E5F5-47C2-B2C3-A8C4CE46A93F}.Release|Any CPU.Build.0 = Release|Any CPU
	EndGlobalSection
	GlobalSection(SolutionProperties) = preSolution
		HideSolutionNode = FALSE
	EndGlobalSection
	GlobalSection(ExtensibilityGlobals) = postSolution
		SolutionGuid = {0996C802-0B0B-4759-BBE9-10E78341B403}
	EndGlobalSection
EndGlobal
